<?xml version="1.0" encoding="UTF-8" standalone="yes" ?>
<CodeBlocks_project_file>
	<FileVersion major="1" minor="6" />
	<Project>
		<Option title="SSVEP_CarDrive" />
		<Option pch_mode="2" />
		<Option compiler="gcc" />
		<Build>
			<Target title="Debug Win32">
				<Option output="SSVEP_CarDrive" prefix_auto="1" extension_auto="1" />
				<Option type="0" />
				<Option compiler="gcc" />
				<Compiler>
					<Add option="-DWIN32" />
					<Add option="-D_DEBUG" />
					<Add option="-D_WINDOWS" />
				</Compiler>
			</Target>
			<Target title="Release Win32">
				<Option output="SSVEP_CarDrive" prefix_auto="1" extension_auto="1" />
				<Option type="0" />
				<Option compiler="gcc" />
				<Compiler>
					<Add option="-DWIN32" />
					<Add option="-DNDEBUG" />
					<Add option="-D_WINDOWS" />
				</Compiler>
			</Target>
		</Build>
		<Unit filename="CClient.h" />
		<Unit filename="CVR.h" />
		<Unit filename="Config.h" />
		<Unit filename="GL.h" />
		<Unit filename="Head.h" />
		<Unit filename="Main.cpp" />
		<Unit filename="SVEP.h" />
		<Unit filename="Serial.h" />
		<Unit filename="Video.h" />
		<Unit filename="edk.h" />
		<Unit filename="escapi.h" />
		<Extensions>
			<code_completion />
			<envvars />
			<debugger />
			<lib_finder disable_auto="1" />
		</Extensions>
	</Project>
</CodeBlocks_project_file>
